
Microsoft Visual Studio Solution File, Format Version 12.00
# Visual Studio Version 16
VisualStudioVersion = 16.0.31613.86
MinimumVisualStudioVersion = 10.0.40219.1
Project("{FAE04EC0-301F-11D3-BF4B-00C04F79EFBC}") = "AbsoluteLayout.Android", "AbsoluteLayout\AbsoluteLayout.Android\AbsoluteLayout.Android.csproj", "{02EDF511-980C-4210-97C1-BE6FEE4BB309}"
EndProject
Project("{FAE04EC0-301F-11D3-BF4B-00C04F79EFBC}") = "AbsoluteLayout.iOS", "AbsoluteLayout\AbsoluteLayout.iOS\AbsoluteLayout.iOS.csproj", "{34552647-8987-4C76-89FE-DB2A0620F4B5}"
EndProject
Project("{FAE04EC0-301F-11D3-BF4B-00C04F79EFBC}") = "AbsoluteLayout", "AbsoluteLayout\AbsoluteLayout\AbsoluteLayout.csproj", "{9C611A58-AA5E-4E5B-8326-DCE25E98588F}"
EndProject
Global
	GlobalSection(SolutionConfigurationPlatforms) = preSolution
		Debug|Any CPU = Debug|Any CPU
		Debug|iPhone = Debug|iPhone
		Debug|iPhoneSimulator = Debug|iPhoneSimulator
		Release|Any CPU = Release|Any CPU
		Release|iPhone = Release|iPhone
		Release|iPhoneSimulator = Release|iPhoneSimulator
	EndGlobalSection
	GlobalSection(ProjectConfigurationPlatforms) = postSolution
		{02EDF511-980C-4210-97C1-BE6FEE4BB309}.Debug|Any CPU.ActiveCfg = Debug|Any CPU
		{02EDF511-980C-4210-97C1-BE6FEE4BB309}.Debug|Any CPU.Build.0 = Debug|Any CPU
		{02EDF511-980C-4210-97C1-BE6FEE4BB309}.Debug|Any CPU.Deploy.0 = Debug|Any CPU
		{02EDF511-980C-4210-97C1-BE6FEE4BB309}.Debug|iPhone.ActiveCfg = Debug|Any CPU
		{02EDF511-980C-4210-97C1-BE6FEE4BB309}.Debug|iPhone.Build.0 = Debug|Any CPU
		{02EDF511-980C-4210-97C1-BE6FEE4BB309}.Debug|iPhone.Deploy.0 = Debug|Any CPU
		{02EDF511-980C-4210-97C1-BE6FEE4BB309}.Debug|iPhoneSimulator.ActiveCfg = Debug|Any CPU
		{02EDF511-980C-4210-97C1-BE6FEE4BB309}.Debug|iPhoneSimulator.Build.0 = Debug|Any CPU
		{02EDF511-980C-4210-97C1-BE6FEE4BB309}.Debug|iPhoneSimulator.Deploy.0 = Debug|Any CPU
		{02EDF511-980C-4210-97C1-BE6FEE4BB309}.Release|Any CPU.ActiveCfg = Release|Any CPU
		{02EDF511-980C-4210-97C1-BE6FEE4BB309}.Release|Any CPU.Build.0 = Release|Any CPU
		{02EDF511-980C-4210-97C1-BE6FEE4BB309}.Release|Any CPU.Deploy.0 = Release|Any CPU
		{02EDF511-980C-4210-97C1-BE6FEE4BB309}.Release|iPhone.ActiveCfg = Release|Any CPU
		{02EDF511-980C-4210-97C1-BE6FEE4BB309}.Release|iPhone.Build.0 = Release|Any CPU
		{02EDF511-980C-4210-97C1-BE6FEE4BB309}.Release|iPhone.Deploy.0 = Release|Any CPU
		{02EDF511-980C-4210-97C1-BE6FEE4BB309}.Release|iPhoneSimulator.ActiveCfg = Release|Any CPU
		{02EDF511-980C-4210-97C1-BE6FEE4BB309}.Release|iPhoneSimulator.Build.0 = Release|Any CPU
		{02EDF511-980C-4210-97C1-BE6FEE4BB309}.Release|iPhoneSimulator.Deploy.0 = Release|Any CPU
		{34552647-8987-4C76-89FE-DB2A0620F4B5}.Debug|Any CPU.ActiveCfg = Debug|iPhone
		{34552647-8987-4C76-89FE-DB2A0620F4B5}.Debug|Any CPU.Build.0 = Debug|iPhone
		{34552647-8987-4C76-89FE-DB2A0620F4B5}.Debug|Any CPU.Deploy.0 = Debug|iPhone
		{34552647-8987-4C76-89FE-DB2A0620F4B5}.Debug|iPhone.ActiveCfg = Debug|iPhone
		{34552647-8987-4C76-89FE-DB2A0620F4B5}.Debug|iPhone.Build.0 = Debug|iPhone
		{34552647-8987-4C76-89FE-DB2A0620F4B5}.Debug|iPhone.Deploy.0 = Debug|iPhone
		{34552647-8987-4C76-89FE-DB2A0620F4B5}.Debug|iPhoneSimulator.ActiveCfg = Debug|iPhoneSimulator
		{34552647-8987-4C76-89FE-DB2A0620F4B5}.Debug|iPhoneSimulator.Build.0 = Debug|iPhoneSimulator
		{34552647-8987-4C76-89FE-DB2A0620F4B5}.Debug|iPhoneSimulator.Deploy.0 = Debug|iPhoneSimulator
		{34552647-8987-4C76-89FE-DB2A0620F4B5}.Release|Any CPU.ActiveCfg = Release|iPhoneSimulator
		{34552647-8987-4C76-89FE-DB2A0620F4B5}.Release|Any CPU.Build.0 = Release|iPhoneSimulator
		{34552647-8987-4C76-89FE-DB2A0620F4B5}.Release|Any CPU.Deploy.0 = Release|iPhoneSimulator
		{34552647-8987-4C76-89FE-DB2A0620F4B5}.Release|iPhone.ActiveCfg = Release|iPhone
		{34552647-8987-4C76-89FE-DB2A0620F4B5}.Release|iPhone.Build.0 = Release|iPhone
		{34552647-8987-4C76-89FE-DB2A0620F4B5}.Release|iPhone.Deploy.0 = Release|iPhone
		{34552647-8987-4C76-89FE-DB2A0620F4B5}.Release|iPhoneSimulator.ActiveCfg = Release|iPhoneSimulator
		{34552647-8987-4C76-89FE-DB2A0620F4B5}.Release|iPhoneSimulator.Build.0 = Release|iPhoneSimulator
		{34552647-8987-4C76-89FE-DB2A0620F4B5}.Release|iPhoneSimulator.Deploy.0 = Release|iPhoneSimulator
		{9C611A58-AA5E-4E5B-8326-DCE25E98588F}.Debug|Any CPU.ActiveCfg = Debug|Any CPU
		{9C611A58-AA5E-4E5B-8326-DCE25E98588F}.Debug|Any CPU.Build.0 = Debug|Any CPU
		{9C611A58-AA5E-4E5B-8326-DCE25E98588F}.Debug|Any CPU.Deploy.0 = Debug|Any CPU
		{9C611A58-AA5E-4E5B-8326-DCE25E98588F}.Debug|iPhone.ActiveCfg = Debug|Any CPU
		{9C611A58-AA5E-4E5B-8326-DCE25E98588F}.Debug|iPhone.Build.0 = Debug|Any CPU
		{9C611A58-AA5E-4E5B-8326-DCE25E98588F}.Debug|iPhone.Deploy.0 = Debug|Any CPU
		{9C611A58-AA5E-4E5B-8326-DCE25E98588F}.Debug|iPhoneSimulator.ActiveCfg = Debug|Any CPU
		{9C611A58-AA5E-4E5B-8326-DCE25E98588F}.Debug|iPhoneSimulator.Build.0 = Debug|Any CPU
		{9C611A58-AA5E-4E5B-8326-DCE25E98588F}.Debug|iPhoneSimulator.Deploy.0 = Debug|Any CPU
		{9C611A58-AA5E-4E5B-8326-DCE25E98588F}.Release|Any CPU.ActiveCfg = Release|Any CPU
		{9C611A58-AA5E-4E5B-8326-DCE25E98588F}.Release|Any CPU.Build.0 = Release|Any CPU
		{9C611A58-AA5E-4E5B-8326-DCE25E98588F}.Release|Any CPU.Deploy.0 = Release|Any CPU
		{9C611A58-AA5E-4E5B-8326-DCE25E98588F}.Release|iPhone.ActiveCfg = Release|Any CPU
		{9C611A58-AA5E-4E5B-8326-DCE25E98588F}.Release|iPhone.Build.0 = Release|Any CPU
		{9C611A58-AA5E-4E5B-8326-DCE25E98588F}.Release|iPhone.Deploy.0 = Release|Any CPU
		{9C611A58-AA5E-4E5B-8326-DCE25E98588F}.Release|iPhoneSimulator.ActiveCfg = Release|Any CPU
		{9C611A58-AA5E-4E5B-8326-DCE25E98588F}.Release|iPhoneSimulator.Build.0 = Release|Any CPU
		{9C611A58-AA5E-4E5B-8326-DCE25E98588F}.Release|iPhoneSimulator.Deploy.0 = Release|Any CPU
	EndGlobalSection
	GlobalSection(SolutionProperties) = preSolution
		HideSolutionNode = FALSE
	EndGlobalSection
	GlobalSection(ExtensibilityGlobals) = postSolution
		SolutionGuid = {922D69F3-0661-47C8-B30C-94AEDE69DA36}
	EndGlobalSection
EndGlobal
